
Microsoft Visual Studio Solution File, Format Version 12.00
# Visual Studio 15
VisualStudioVersion = 15.0.26124.0
MinimumVisualStudioVersion = 15.0.26124.0
Project("{2150E333-8FDC-42A3-9474-1A3956D46DE8}") = "src", "src", "{74A1811C-7FA2-46DE-8225-634B0BCAB391}"
EndProject
Project("{FAE04EC0-301F-11D3-BF4B-00C04F79EFBC}") = "CSRuntimeCompileTest", "src\CSRuntimeCompileTest\CSRuntimeCompileTest.csproj", "{500190AC-12E5-435B-8971-616247639FDD}"
EndProject
Global
	GlobalSection(SolutionConfigurationPlatforms) = preSolution
		Debug|Any CPU = Debug|Any CPU
		Debug|x64 = Debug|x64
		Debug|x86 = Debug|x86
		Release|Any CPU = Release|Any CPU
		Release|x64 = Release|x64
		Release|x86 = Release|x86
	EndGlobalSection
	GlobalSection(SolutionProperties) = preSolution
		HideSolutionNode = FALSE
	EndGlobalSection
	GlobalSection(ProjectConfigurationPlatforms) = postSolution
		{500190AC-12E5-435B-8971-616247639FDD}.Debug|Any CPU.ActiveCfg = Debug|Any CPU
		{500190AC-12E5-435B-8971-616247639FDD}.Debug|Any CPU.Build.0 = Debug|Any CPU
		{500190AC-12E5-435B-8971-616247639FDD}.Debug|x64.ActiveCfg = Debug|x64
		{500190AC-12E5-435B-8971-616247639FDD}.Debug|x64.Build.0 = Debug|x64
		{500190AC-12E5-435B-8971-616247639FDD}.Debug|x86.ActiveCfg = Debug|x86
		{500190AC-12E5-435B-8971-616247639FDD}.Debug|x86.Build.0 = Debug|x86
		{500190AC-12E5-435B-8971-616247639FDD}.Release|Any CPU.ActiveCfg = Release|Any CPU
		{500190AC-12E5-435B-8971-616247639FDD}.Release|Any CPU.Build.0 = Release|Any CPU
		{500190AC-12E5-435B-8971-616247639FDD}.Release|x64.ActiveCfg = Release|x64
		{500190AC-12E5-435B-8971-616247639FDD}.Release|x64.Build.0 = Release|x64
		{500190AC-12E5-435B-8971-616247639FDD}.Release|x86.ActiveCfg = Release|x86
		{500190AC-12E5-435B-8971-616247639FDD}.Release|x86.Build.0 = Release|x86
	EndGlobalSection
	GlobalSection(NestedProjects) = preSolution
		{500190AC-12E5-435B-8971-616247639FDD} = {74A1811C-7FA2-46DE-8225-634B0BCAB391}
	EndGlobalSection
EndGlobal
